
Microsoft Visual Studio Solution File, Format Version 12.00
# Visual Studio Version 16
VisualStudioVersion = 16.0.31005.135
MinimumVisualStudioVersion = 10.0.40219.1
Project("{FAE04EC0-301F-11D3-BF4B-00C04F79EFBC}") = "053506_Ermolovich_Lab5", "053506_Ermolovich_Lab5\053506_Ermolovich_Lab5.csproj", "{042459E1-EB0A-4BCA-8A11-F5C55D93B198}"
EndProject
Global
	GlobalSection(SolutionConfigurationPlatforms) = preSolution
		Debug|Any CPU = Debug|Any CPU
		Release|Any CPU = Release|Any CPU
	EndGlobalSection
	GlobalSection(ProjectConfigurationPlatforms) = postSolution
		{042459E1-EB0A-4BCA-8A11-F5C55D93B198}.Debug|Any CPU.ActiveCfg = Debug|Any CPU
		{042459E1-EB0A-4BCA-8A11-F5C55D93B198}.Debug|Any CPU.Build.0 = Debug|Any CPU
		{042459E1-EB0A-4BCA-8A11-F5C55D93B198}.Release|Any CPU.ActiveCfg = Release|Any CPU
		{042459E1-EB0A-4BCA-8A11-F5C55D93B198}.Release|Any CPU.Build.0 = Release|Any CPU
	EndGlobalSection
	GlobalSection(SolutionProperties) = preSolution
		HideSolutionNode = FALSE
	EndGlobalSection
	GlobalSection(ExtensibilityGlobals) = postSolution
		SolutionGuid = {7ED163BF-EA07-46D4-8E49-80ACAD860699}
	EndGlobalSection
EndGlobal
