
Microsoft Visual Studio Solution File, Format Version 12.00
# Visual Studio Version 16
VisualStudioVersion = 16.0.31005.135
MinimumVisualStudioVersion = 10.0.40219.1
Project("{FAE04EC0-301F-11D3-BF4B-00C04F79EFBC}") = "mixSymbols", "mixSymbols\mixSymbols.csproj", "{A698826F-ED31-4FC8-89C3-2D50CD259B7E}"
EndProject
Global
	GlobalSection(SolutionConfigurationPlatforms) = preSolution
		Debug|Any CPU = Debug|Any CPU
		Release|Any CPU = Release|Any CPU
	EndGlobalSection
	GlobalSection(ProjectConfigurationPlatforms) = postSolution
		{A698826F-ED31-4FC8-89C3-2D50CD259B7E}.Debug|Any CPU.ActiveCfg = Debug|Any CPU
		{A698826F-ED31-4FC8-89C3-2D50CD259B7E}.Debug|Any CPU.Build.0 = Debug|Any CPU
		{A698826F-ED31-4FC8-89C3-2D50CD259B7E}.Release|Any CPU.ActiveCfg = Release|Any CPU
		{A698826F-ED31-4FC8-89C3-2D50CD259B7E}.Release|Any CPU.Build.0 = Release|Any CPU
	EndGlobalSection
	GlobalSection(SolutionProperties) = preSolution
		HideSolutionNode = FALSE
	EndGlobalSection
	GlobalSection(ExtensibilityGlobals) = postSolution
		SolutionGuid = {1C3E7C68-091D-463D-B351-3F9B0FB3A489}
	EndGlobalSection
EndGlobal
