
Microsoft Visual Studio Solution File, Format Version 12.00
# Visual Studio Version 16
VisualStudioVersion = 16.0.31005.135
MinimumVisualStudioVersion = 10.0.40219.1
Project("{FAE04EC0-301F-11D3-BF4B-00C04F79EFBC}") = "Lab1Test", "Lab1Test\Lab1Test.csproj", "{889DCFDE-E470-4B54-B483-BEFACE421D41}"
EndProject
Global
	GlobalSection(SolutionConfigurationPlatforms) = preSolution
		Debug|Any CPU = Debug|Any CPU
		Release|Any CPU = Release|Any CPU
	EndGlobalSection
	GlobalSection(ProjectConfigurationPlatforms) = postSolution
		{889DCFDE-E470-4B54-B483-BEFACE421D41}.Debug|Any CPU.ActiveCfg = Debug|Any CPU
		{889DCFDE-E470-4B54-B483-BEFACE421D41}.Debug|Any CPU.Build.0 = Debug|Any CPU
		{889DCFDE-E470-4B54-B483-BEFACE421D41}.Release|Any CPU.ActiveCfg = Release|Any CPU
		{889DCFDE-E470-4B54-B483-BEFACE421D41}.Release|Any CPU.Build.0 = Release|Any CPU
	EndGlobalSection
	GlobalSection(SolutionProperties) = preSolution
		HideSolutionNode = FALSE
	EndGlobalSection
	GlobalSection(ExtensibilityGlobals) = postSolution
		SolutionGuid = {7A29E019-3B85-4383-AC0F-2F79930DCBB6}
	EndGlobalSection
EndGlobal
