
Microsoft Visual Studio Solution File, Format Version 12.00
# Visual Studio Version 16
VisualStudioVersion = 16.0.31005.135
MinimumVisualStudioVersion = 10.0.40219.1
Project("{FAE04EC0-301F-11D3-BF4B-00C04F79EFBC}") = "time", "time\time.csproj", "{AF369B63-8468-4867-A481-FAFD3E5B2627}"
EndProject
Global
	GlobalSection(SolutionConfigurationPlatforms) = preSolution
		Debug|Any CPU = Debug|Any CPU
		Release|Any CPU = Release|Any CPU
	EndGlobalSection
	GlobalSection(ProjectConfigurationPlatforms) = postSolution
		{AF369B63-8468-4867-A481-FAFD3E5B2627}.Debug|Any CPU.ActiveCfg = Debug|Any CPU
		{AF369B63-8468-4867-A481-FAFD3E5B2627}.Debug|Any CPU.Build.0 = Debug|Any CPU
		{AF369B63-8468-4867-A481-FAFD3E5B2627}.Release|Any CPU.ActiveCfg = Release|Any CPU
		{AF369B63-8468-4867-A481-FAFD3E5B2627}.Release|Any CPU.Build.0 = Release|Any CPU
	EndGlobalSection
	GlobalSection(SolutionProperties) = preSolution
		HideSolutionNode = FALSE
	EndGlobalSection
	GlobalSection(ExtensibilityGlobals) = postSolution
		SolutionGuid = {3E6BD8E8-BB3F-47E9-8CDE-6754042DDF77}
	EndGlobalSection
EndGlobal
